{
  "version": 4,
  "terraform_version": "1.2.9",
  "serial": 71,
  "lineage": "782999d1-b4ab-e494-b758-793c42fe4dba",
  "outputs": {},
  "resources": [
    {
      "mode": "managed",
      "type": "aci_tenant",
      "name": "tenant",
      "provider": "provider[\"registry.terraform.io/ciscodevnet/aci\"]",
      "instances": [
        {
          "index_key": 0,
          "schema_version": 1,
          "attributes": {
            "annotation": "orchestrator:terraform",
            "description": "Tenant Name is Tenant01",
            "id": "uni/tn-TEN_01",
            "name": "TEN_01",
            "name_alias": "",
            "relation_fv_rs_tenant_mon_pol": "",
            "relation_fv_rs_tn_deny_rule": null
          },
          "sensitive_attributes": [],
          "private": "eyJzY2hlbWFfdmVyc2lvbiI6IjEifQ=="
        },
        {
          "index_key": 1,
          "schema_version": 1,
          "attributes": {
            "annotation": "orchestrator:terraform",
            "description": "Tenant Name is Tenant01",
            "id": "uni/tn-TEN_02",
            "name": "TEN_02",
            "name_alias": "",
            "relation_fv_rs_tenant_mon_pol": "",
            "relation_fv_rs_tn_deny_rule": null
          },
          "sensitive_attributes": [],
          "private": "eyJzY2hlbWFfdmVyc2lvbiI6IjEifQ=="
        },
        {
          "index_key": 2,
          "schema_version": 1,
          "attributes": {
            "annotation": "orchestrator:terraform",
            "description": "Tenant Name is Tenant01",
            "id": "uni/tn-TEN_03",
            "name": "TEN_03",
            "name_alias": "",
            "relation_fv_rs_tenant_mon_pol": "",
            "relation_fv_rs_tn_deny_rule": null
          },
          "sensitive_attributes": [],
          "private": "eyJzY2hlbWFfdmVyc2lvbiI6IjEifQ=="
        }
      ]
    },
    {
      "mode": "managed",
      "type": "aci_vrf",
      "name": "new_vrf",
      "provider": "provider[\"registry.terraform.io/ciscodevnet/aci\"]",
      "instances": [
        {
          "schema_version": 1,
          "attributes": {
            "annotation": "orchestrator:terraform",
            "bd_enforced_enable": "yes",
            "description": "Created by Terraform",
            "id": "uni/tn-TEN_01/ctx-vrf-01",
            "ip_data_plane_learning": "enabled",
            "knw_mcast_act": "permit",
            "name": "vrf-01",
            "name_alias": "",
            "pc_enf_dir": "ingress",
            "pc_enf_pref": "enforced",
            "relation_fv_rs_bgp_ctx_pol": "",
            "relation_fv_rs_ctx_mcast_to": null,
            "relation_fv_rs_ctx_mon_pol": "",
            "relation_fv_rs_ctx_to_bgp_ctx_af_pol": [],
            "relation_fv_rs_ctx_to_eigrp_ctx_af_pol": [],
            "relation_fv_rs_ctx_to_ep_ret": "",
            "relation_fv_rs_ctx_to_ext_route_tag_pol": "",
            "relation_fv_rs_ctx_to_ospf_ctx_pol": [],
            "relation_fv_rs_ospf_ctx_pol": "",
            "relation_fv_rs_vrf_validation_pol": "",
            "tenant_dn": "uni/tn-TEN_01"
          },
          "sensitive_attributes": [],
          "private": "eyJzY2hlbWFfdmVyc2lvbiI6IjEifQ==",
          "dependencies": [
            "aci_tenant.tenant"
          ]
        }
      ]
    },
    {
      "module": "module.BD_EPG",
      "mode": "managed",
      "type": "aci_application_epg",
      "name": "new_epg",
      "provider": "provider[\"registry.terraform.io/ciscodevnet/aci\"]",
      "instances": [
        {
          "index_key": 0,
          "schema_version": 1,
          "attributes": {
            "annotation": "orchestrator:terraform",
            "application_profile_dn": "uni/tn-TEN_01/ap-app-core",
            "description": "",
            "exception_tag": "",
            "flood_on_encap": "disabled",
            "fwd_ctrl": "none",
            "has_mcast_source": "no",
            "id": "uni/tn-TEN_01/ap-app-core/epg-epg-vlan10",
            "is_attr_based_epg": "no",
            "match_t": "AtleastOne",
            "name": "epg-vlan10",
            "name_alias": "",
            "pc_enf_pref": "unenforced",
            "pref_gr_memb": "include",
            "prio": "unspecified",
            "relation_fv_rs_aepg_mon_pol": "",
            "relation_fv_rs_bd": "uni/tn-TEN_01/BD-bd-vlan10",
            "relation_fv_rs_cons": null,
            "relation_fv_rs_cons_if": null,
            "relation_fv_rs_cust_qos_pol": "",
            "relation_fv_rs_dpp_pol": "",
            "relation_fv_rs_fc_path_att": null,
            "relation_fv_rs_intra_epg": null,
            "relation_fv_rs_node_att": null,
            "relation_fv_rs_path_att": null,
            "relation_fv_rs_prot_by": null,
            "relation_fv_rs_prov": null,
            "relation_fv_rs_prov_def": null,
            "relation_fv_rs_sec_inherited": null,
            "relation_fv_rs_trust_ctrl": "",
            "shutdown": "no"
          },
          "sensitive_attributes": [],
          "private": "eyJzY2hlbWFfdmVyc2lvbiI6IjEifQ==",
          "dependencies": [
            "aci_tenant.tenant",
            "aci_vrf.new_vrf",
            "module.BD_EPG.aci_application_profile.app_profile",
            "module.BD_EPG.aci_bridge_domain.new_bd"
          ]
        },
        {
          "index_key": 1,
          "schema_version": 1,
          "attributes": {
            "annotation": "orchestrator:terraform",
            "application_profile_dn": "uni/tn-TEN_01/ap-app-core",
            "description": "",
            "exception_tag": "",
            "flood_on_encap": "disabled",
            "fwd_ctrl": "none",
            "has_mcast_source": "no",
            "id": "uni/tn-TEN_01/ap-app-core/epg-epg-vlan20",
            "is_attr_based_epg": "no",
            "match_t": "AtleastOne",
            "name": "epg-vlan20",
            "name_alias": "",
            "pc_enf_pref": "unenforced",
            "pref_gr_memb": "include",
            "prio": "unspecified",
            "relation_fv_rs_aepg_mon_pol": "",
            "relation_fv_rs_bd": "uni/tn-TEN_01/BD-bd-vlan20",
            "relation_fv_rs_cons": null,
            "relation_fv_rs_cons_if": null,
            "relation_fv_rs_cust_qos_pol": "",
            "relation_fv_rs_dpp_pol": "",
            "relation_fv_rs_fc_path_att": null,
            "relation_fv_rs_intra_epg": null,
            "relation_fv_rs_node_att": null,
            "relation_fv_rs_path_att": null,
            "relation_fv_rs_prot_by": null,
            "relation_fv_rs_prov": null,
            "relation_fv_rs_prov_def": null,
            "relation_fv_rs_sec_inherited": null,
            "relation_fv_rs_trust_ctrl": "",
            "shutdown": "no"
          },
          "sensitive_attributes": [],
          "private": "eyJzY2hlbWFfdmVyc2lvbiI6IjEifQ==",
          "dependencies": [
            "aci_tenant.tenant",
            "aci_vrf.new_vrf",
            "module.BD_EPG.aci_application_profile.app_profile",
            "module.BD_EPG.aci_bridge_domain.new_bd"
          ]
        },
        {
          "index_key": 2,
          "schema_version": 1,
          "attributes": {
            "annotation": "orchestrator:terraform",
            "application_profile_dn": "uni/tn-TEN_01/ap-app-core",
            "description": "",
            "exception_tag": "",
            "flood_on_encap": "disabled",
            "fwd_ctrl": "none",
            "has_mcast_source": "no",
            "id": "uni/tn-TEN_01/ap-app-core/epg-epg-vlan30",
            "is_attr_based_epg": "no",
            "match_t": "AtleastOne",
            "name": "epg-vlan30",
            "name_alias": "",
            "pc_enf_pref": "unenforced",
            "pref_gr_memb": "include",
            "prio": "unspecified",
            "relation_fv_rs_aepg_mon_pol": "",
            "relation_fv_rs_bd": "uni/tn-TEN_01/BD-bd-vlan30",
            "relation_fv_rs_cons": null,
            "relation_fv_rs_cons_if": null,
            "relation_fv_rs_cust_qos_pol": "",
            "relation_fv_rs_dpp_pol": "",
            "relation_fv_rs_fc_path_att": null,
            "relation_fv_rs_intra_epg": null,
            "relation_fv_rs_node_att": null,
            "relation_fv_rs_path_att": null,
            "relation_fv_rs_prot_by": null,
            "relation_fv_rs_prov": null,
            "relation_fv_rs_prov_def": null,
            "relation_fv_rs_sec_inherited": null,
            "relation_fv_rs_trust_ctrl": "",
            "shutdown": "no"
          },
          "sensitive_attributes": [],
          "private": "eyJzY2hlbWFfdmVyc2lvbiI6IjEifQ==",
          "dependencies": [
            "aci_tenant.tenant",
            "aci_vrf.new_vrf",
            "module.BD_EPG.aci_application_profile.app_profile",
            "module.BD_EPG.aci_bridge_domain.new_bd"
          ]
        },
        {
          "index_key": 3,
          "schema_version": 1,
          "attributes": {
            "annotation": "orchestrator:terraform",
            "application_profile_dn": "uni/tn-TEN_01/ap-app-core",
            "description": "",
            "exception_tag": "",
            "flood_on_encap": "disabled",
            "fwd_ctrl": "none",
            "has_mcast_source": "no",
            "id": "uni/tn-TEN_01/ap-app-core/epg-epg-vlan40",
            "is_attr_based_epg": "no",
            "match_t": "AtleastOne",
            "name": "epg-vlan40",
            "name_alias": "",
            "pc_enf_pref": "unenforced",
            "pref_gr_memb": "include",
            "prio": "unspecified",
            "relation_fv_rs_aepg_mon_pol": "",
            "relation_fv_rs_bd": "uni/tn-TEN_01/BD-bd-vlan40",
            "relation_fv_rs_cons": null,
            "relation_fv_rs_cons_if": null,
            "relation_fv_rs_cust_qos_pol": "",
            "relation_fv_rs_dpp_pol": "",
            "relation_fv_rs_fc_path_att": null,
            "relation_fv_rs_intra_epg": null,
            "relation_fv_rs_node_att": null,
            "relation_fv_rs_path_att": null,
            "relation_fv_rs_prot_by": null,
            "relation_fv_rs_prov": null,
            "relation_fv_rs_prov_def": null,
            "relation_fv_rs_sec_inherited": null,
            "relation_fv_rs_trust_ctrl": "",
            "shutdown": "no"
          },
          "sensitive_attributes": [],
          "private": "eyJzY2hlbWFfdmVyc2lvbiI6IjEifQ==",
          "dependencies": [
            "aci_tenant.tenant",
            "aci_vrf.new_vrf",
            "module.BD_EPG.aci_application_profile.app_profile",
            "module.BD_EPG.aci_bridge_domain.new_bd"
          ]
        },
        {
          "index_key": 4,
          "schema_version": 1,
          "attributes": {
            "annotation": "orchestrator:terraform",
            "application_profile_dn": "uni/tn-TEN_01/ap-app-core",
            "description": "",
            "exception_tag": "",
            "flood_on_encap": "disabled",
            "fwd_ctrl": "none",
            "has_mcast_source": "no",
            "id": "uni/tn-TEN_01/ap-app-core/epg-epg-vlan50",
            "is_attr_based_epg": "no",
            "match_t": "AtleastOne",
            "name": "epg-vlan50",
            "name_alias": "",
            "pc_enf_pref": "unenforced",
            "pref_gr_memb": "include",
            "prio": "unspecified",
            "relation_fv_rs_aepg_mon_pol": "",
            "relation_fv_rs_bd": "uni/tn-TEN_01/BD-bd-vlan50",
            "relation_fv_rs_cons": null,
            "relation_fv_rs_cons_if": null,
            "relation_fv_rs_cust_qos_pol": "",
            "relation_fv_rs_dpp_pol": "",
            "relation_fv_rs_fc_path_att": null,
            "relation_fv_rs_intra_epg": null,
            "relation_fv_rs_node_att": null,
            "relation_fv_rs_path_att": null,
            "relation_fv_rs_prot_by": null,
            "relation_fv_rs_prov": null,
            "relation_fv_rs_prov_def": null,
            "relation_fv_rs_sec_inherited": null,
            "relation_fv_rs_trust_ctrl": "",
            "shutdown": "no"
          },
          "sensitive_attributes": [],
          "private": "eyJzY2hlbWFfdmVyc2lvbiI6IjEifQ==",
          "dependencies": [
            "aci_tenant.tenant",
            "aci_vrf.new_vrf",
            "module.BD_EPG.aci_application_profile.app_profile",
            "module.BD_EPG.aci_bridge_domain.new_bd"
          ]
        }
      ]
    },
    {
      "module": "module.BD_EPG",
      "mode": "managed",
      "type": "aci_application_profile",
      "name": "app_profile",
      "provider": "provider[\"registry.terraform.io/ciscodevnet/aci\"]",
      "instances": [
        {
          "index_key": 0,
          "schema_version": 1,
          "attributes": {
            "annotation": "orchestrator:terraform",
            "description": "Created by Terraform",
            "id": "uni/tn-TEN_01/ap-app-core",
            "name": "app-core",
            "name_alias": "",
            "prio": "unspecified",
            "relation_fv_rs_ap_mon_pol": "",
            "tenant_dn": "uni/tn-TEN_01"
          },
          "sensitive_attributes": [],
          "private": "eyJzY2hlbWFfdmVyc2lvbiI6IjEifQ==",
          "dependencies": [
            "aci_tenant.tenant"
          ]
        },
        {
          "index_key": 1,
          "schema_version": 1,
          "attributes": {
            "annotation": "orchestrator:terraform",
            "description": "Created by Terraform",
            "id": "uni/tn-TEN_01/ap-app-dmz",
            "name": "app-dmz",
            "name_alias": "",
            "prio": "unspecified",
            "relation_fv_rs_ap_mon_pol": "",
            "tenant_dn": "uni/tn-TEN_01"
          },
          "sensitive_attributes": [],
          "private": "eyJzY2hlbWFfdmVyc2lvbiI6IjEifQ==",
          "dependencies": [
            "aci_tenant.tenant"
          ]
        }
      ]
    },
    {
      "module": "module.BD_EPG",
      "mode": "managed",
      "type": "aci_bridge_domain",
      "name": "new_bd",
      "provider": "provider[\"registry.terraform.io/ciscodevnet/aci\"]",
      "instances": [
        {
          "index_key": 0,
          "schema_version": 1,
          "attributes": {
            "annotation": "orchestrator:terraform",
            "arp_flood": "no",
            "bridge_domain_type": "regular",
            "description": "",
            "ep_clear": "no",
            "ep_move_detect_mode": "disable",
            "host_based_routing": "no",
            "id": "uni/tn-TEN_01/BD-bd-vlan10",
            "intersite_bum_traffic_allow": "no",
            "intersite_l2_stretch": "no",
            "ip_learning": "yes",
            "ipv6_mcast_allow": "no",
            "limit_ip_learn_to_subnets": "yes",
            "ll_addr": "::",
            "mac": "00:22:BD:F8:19:FF",
            "mcast_allow": "no",
            "multi_dst_pkt_act": "bd-flood",
            "name": "bd-vlan10",
            "name_alias": "",
            "optimize_wan_bandwidth": "no",
            "relation_fv_rs_abd_pol_mon_pol": "",
            "relation_fv_rs_bd_flood_to": null,
            "relation_fv_rs_bd_to_ep_ret": "",
            "relation_fv_rs_bd_to_fhs": "",
            "relation_fv_rs_bd_to_nd_p": "",
            "relation_fv_rs_bd_to_netflow_monitor_pol": [],
            "relation_fv_rs_bd_to_out": null,
            "relation_fv_rs_bd_to_profile": "",
            "relation_fv_rs_bd_to_relay_p": "",
            "relation_fv_rs_ctx": "uni/tn-TEN_01/ctx-vrf-01",
            "relation_fv_rs_igmpsn": "",
            "relation_fv_rs_mldsn": "",
            "tenant_dn": "uni/tn-TEN_01",
            "unicast_route": "yes",
            "unk_mac_ucast_act": "proxy",
            "unk_mcast_act": "flood",
            "v6unk_mcast_act": "flood",
            "vmac": "not-applicable"
          },
          "sensitive_attributes": [],
          "private": "eyJzY2hlbWFfdmVyc2lvbiI6IjEifQ==",
          "dependencies": [
            "aci_tenant.tenant",
            "aci_vrf.new_vrf"
          ]
        },
        {
          "index_key": 1,
          "schema_version": 1,
          "attributes": {
            "annotation": "orchestrator:terraform",
            "arp_flood": "no",
            "bridge_domain_type": "regular",
            "description": "",
            "ep_clear": "no",
            "ep_move_detect_mode": "disable",
            "host_based_routing": "no",
            "id": "uni/tn-TEN_01/BD-bd-vlan20",
            "intersite_bum_traffic_allow": "no",
            "intersite_l2_stretch": "no",
            "ip_learning": "yes",
            "ipv6_mcast_allow": "no",
            "limit_ip_learn_to_subnets": "yes",
            "ll_addr": "::",
            "mac": "00:22:BD:F8:19:FF",
            "mcast_allow": "no",
            "multi_dst_pkt_act": "bd-flood",
            "name": "bd-vlan20",
            "name_alias": "",
            "optimize_wan_bandwidth": "no",
            "relation_fv_rs_abd_pol_mon_pol": "",
            "relation_fv_rs_bd_flood_to": null,
            "relation_fv_rs_bd_to_ep_ret": "",
            "relation_fv_rs_bd_to_fhs": "",
            "relation_fv_rs_bd_to_nd_p": "",
            "relation_fv_rs_bd_to_netflow_monitor_pol": [],
            "relation_fv_rs_bd_to_out": null,
            "relation_fv_rs_bd_to_profile": "",
            "relation_fv_rs_bd_to_relay_p": "",
            "relation_fv_rs_ctx": "uni/tn-TEN_01/ctx-vrf-01",
            "relation_fv_rs_igmpsn": "",
            "relation_fv_rs_mldsn": "",
            "tenant_dn": "uni/tn-TEN_01",
            "unicast_route": "yes",
            "unk_mac_ucast_act": "proxy",
            "unk_mcast_act": "flood",
            "v6unk_mcast_act": "flood",
            "vmac": "not-applicable"
          },
          "sensitive_attributes": [],
          "private": "eyJzY2hlbWFfdmVyc2lvbiI6IjEifQ==",
          "dependencies": [
            "aci_tenant.tenant",
            "aci_vrf.new_vrf"
          ]
        },
        {
          "index_key": 2,
          "schema_version": 1,
          "attributes": {
            "annotation": "orchestrator:terraform",
            "arp_flood": "no",
            "bridge_domain_type": "regular",
            "description": "",
            "ep_clear": "no",
            "ep_move_detect_mode": "disable",
            "host_based_routing": "no",
            "id": "uni/tn-TEN_01/BD-bd-vlan30",
            "intersite_bum_traffic_allow": "no",
            "intersite_l2_stretch": "no",
            "ip_learning": "yes",
            "ipv6_mcast_allow": "no",
            "limit_ip_learn_to_subnets": "yes",
            "ll_addr": "::",
            "mac": "00:22:BD:F8:19:FF",
            "mcast_allow": "no",
            "multi_dst_pkt_act": "bd-flood",
            "name": "bd-vlan30",
            "name_alias": "",
            "optimize_wan_bandwidth": "no",
            "relation_fv_rs_abd_pol_mon_pol": "",
            "relation_fv_rs_bd_flood_to": null,
            "relation_fv_rs_bd_to_ep_ret": "",
            "relation_fv_rs_bd_to_fhs": "",
            "relation_fv_rs_bd_to_nd_p": "",
            "relation_fv_rs_bd_to_netflow_monitor_pol": [],
            "relation_fv_rs_bd_to_out": null,
            "relation_fv_rs_bd_to_profile": "",
            "relation_fv_rs_bd_to_relay_p": "",
            "relation_fv_rs_ctx": "uni/tn-TEN_01/ctx-vrf-01",
            "relation_fv_rs_igmpsn": "",
            "relation_fv_rs_mldsn": "",
            "tenant_dn": "uni/tn-TEN_01",
            "unicast_route": "yes",
            "unk_mac_ucast_act": "proxy",
            "unk_mcast_act": "flood",
            "v6unk_mcast_act": "flood",
            "vmac": "not-applicable"
          },
          "sensitive_attributes": [],
          "private": "eyJzY2hlbWFfdmVyc2lvbiI6IjEifQ==",
          "dependencies": [
            "aci_tenant.tenant",
            "aci_vrf.new_vrf"
          ]
        },
        {
          "index_key": 3,
          "schema_version": 1,
          "attributes": {
            "annotation": "orchestrator:terraform",
            "arp_flood": "no",
            "bridge_domain_type": "regular",
            "description": "",
            "ep_clear": "no",
            "ep_move_detect_mode": "disable",
            "host_based_routing": "no",
            "id": "uni/tn-TEN_01/BD-bd-vlan40",
            "intersite_bum_traffic_allow": "no",
            "intersite_l2_stretch": "no",
            "ip_learning": "yes",
            "ipv6_mcast_allow": "no",
            "limit_ip_learn_to_subnets": "yes",
            "ll_addr": "::",
            "mac": "00:22:BD:F8:19:FF",
            "mcast_allow": "no",
            "multi_dst_pkt_act": "bd-flood",
            "name": "bd-vlan40",
            "name_alias": "",
            "optimize_wan_bandwidth": "no",
            "relation_fv_rs_abd_pol_mon_pol": "",
            "relation_fv_rs_bd_flood_to": null,
            "relation_fv_rs_bd_to_ep_ret": "",
            "relation_fv_rs_bd_to_fhs": "",
            "relation_fv_rs_bd_to_nd_p": "",
            "relation_fv_rs_bd_to_netflow_monitor_pol": [],
            "relation_fv_rs_bd_to_out": null,
            "relation_fv_rs_bd_to_profile": "",
            "relation_fv_rs_bd_to_relay_p": "",
            "relation_fv_rs_ctx": "uni/tn-TEN_01/ctx-vrf-01",
            "relation_fv_rs_igmpsn": "",
            "relation_fv_rs_mldsn": "",
            "tenant_dn": "uni/tn-TEN_01",
            "unicast_route": "yes",
            "unk_mac_ucast_act": "proxy",
            "unk_mcast_act": "flood",
            "v6unk_mcast_act": "flood",
            "vmac": "not-applicable"
          },
          "sensitive_attributes": [],
          "private": "eyJzY2hlbWFfdmVyc2lvbiI6IjEifQ==",
          "dependencies": [
            "aci_tenant.tenant",
            "aci_vrf.new_vrf"
          ]
        },
        {
          "index_key": 4,
          "schema_version": 1,
          "attributes": {
            "annotation": "orchestrator:terraform",
            "arp_flood": "no",
            "bridge_domain_type": "regular",
            "description": "",
            "ep_clear": "no",
            "ep_move_detect_mode": "disable",
            "host_based_routing": "no",
            "id": "uni/tn-TEN_01/BD-bd-vlan50",
            "intersite_bum_traffic_allow": "no",
            "intersite_l2_stretch": "no",
            "ip_learning": "yes",
            "ipv6_mcast_allow": "no",
            "limit_ip_learn_to_subnets": "yes",
            "ll_addr": "::",
            "mac": "00:22:BD:F8:19:FF",
            "mcast_allow": "no",
            "multi_dst_pkt_act": "bd-flood",
            "name": "bd-vlan50",
            "name_alias": "",
            "optimize_wan_bandwidth": "no",
            "relation_fv_rs_abd_pol_mon_pol": "",
            "relation_fv_rs_bd_flood_to": null,
            "relation_fv_rs_bd_to_ep_ret": "",
            "relation_fv_rs_bd_to_fhs": "",
            "relation_fv_rs_bd_to_nd_p": "",
            "relation_fv_rs_bd_to_netflow_monitor_pol": [],
            "relation_fv_rs_bd_to_out": null,
            "relation_fv_rs_bd_to_profile": "",
            "relation_fv_rs_bd_to_relay_p": "",
            "relation_fv_rs_ctx": "uni/tn-TEN_01/ctx-vrf-01",
            "relation_fv_rs_igmpsn": "",
            "relation_fv_rs_mldsn": "",
            "tenant_dn": "uni/tn-TEN_01",
            "unicast_route": "yes",
            "unk_mac_ucast_act": "proxy",
            "unk_mcast_act": "flood",
            "v6unk_mcast_act": "flood",
            "vmac": "not-applicable"
          },
          "sensitive_attributes": [],
          "private": "eyJzY2hlbWFfdmVyc2lvbiI6IjEifQ==",
          "dependencies": [
            "aci_tenant.tenant",
            "aci_vrf.new_vrf"
          ]
        }
      ]
    },
    {
      "module": "module.access-leaf-interface-policy-group[\"1\"]",
      "mode": "managed",
      "type": "aci_rest_managed",
      "name": "infraAccBndlSubgrp",
      "provider": "provider[\"registry.terraform.io/ciscodevnet/aci\"]",
      "instances": [
        {
          "index_key": 0,
          "schema_version": 0,
          "attributes": {
            "child": [],
            "class_name": "infraAccBndlSubgrp",
            "content": {
              "descr": "",
              "name": "ipg-VPC-SRV01",
              "nameAlias": "",
              "ownerKey": "",
              "ownerTag": "",
              "userdom": ":all:"
            },
            "dn": "uni/infra/funcprof/accbundle-ipg-VPC-SRV01/accsubbndl-ipg-VPC-SRV01",
            "id": "uni/infra/funcprof/accbundle-ipg-VPC-SRV01/accsubbndl-ipg-VPC-SRV01"
          },
          "sensitive_attributes": [],
          "private": "bnVsbA==",
          "dependencies": [
            "module.access-leaf-interface-policy-group.aci_rest_managed.infraAccGrp"
          ]
        }
      ]
    },
    {
      "module": "module.access-leaf-interface-policy-group[\"1\"]",
      "mode": "managed",
      "type": "aci_rest_managed",
      "name": "infraAccGrp",
      "provider": "provider[\"registry.terraform.io/ciscodevnet/aci\"]",
      "instances": [
        {
          "schema_version": 0,
          "attributes": {
            "child": [],
            "class_name": "infraAccBndlGrp",
            "content": {
              "descr": "",
              "lagT": "node",
              "name": "ipg-VPC-SRV01",
              "nameAlias": "",
              "ownerKey": "",
              "ownerTag": "",
              "userdom": ":all:"
            },
            "dn": "uni/infra/funcprof/accbundle-ipg-VPC-SRV01",
            "id": "uni/infra/funcprof/accbundle-ipg-VPC-SRV01"
          },
          "sensitive_attributes": [],
          "private": "bnVsbA=="
        }
      ]
    },
    {
      "module": "module.access-leaf-interface-policy-group[\"1\"]",
      "mode": "managed",
      "type": "aci_rest_managed",
      "name": "infraRsAttEntP",
      "provider": "provider[\"registry.terraform.io/ciscodevnet/aci\"]",
      "instances": [
        {
          "index_key": 0,
          "schema_version": 0,
          "attributes": {
            "child": [],
            "class_name": "infraRsAttEntP",
            "content": {
              "tDn": "uni/infra/attentp-AAEP1",
              "userdom": ":all:"
            },
            "dn": "uni/infra/funcprof/accbundle-ipg-VPC-SRV01/rsattEntP",
            "id": "uni/infra/funcprof/accbundle-ipg-VPC-SRV01/rsattEntP"
          },
          "sensitive_attributes": [],
          "private": "bnVsbA==",
          "dependencies": [
            "module.access-leaf-interface-policy-group.aci_rest_managed.infraAccGrp"
          ]
        }
      ]
    },
    {
      "module": "module.access-leaf-interface-policy-group[\"1\"]",
      "mode": "managed",
      "type": "aci_rest_managed",
      "name": "infraRsCdpIfPol",
      "provider": "provider[\"registry.terraform.io/ciscodevnet/aci\"]",
      "instances": [
        {
          "schema_version": 0,
          "attributes": {
            "child": [],
            "class_name": "infraRsCdpIfPol",
            "content": {
              "tnCdpIfPolName": "CDP-ON",
              "userdom": "all"
            },
            "dn": "uni/infra/funcprof/accbundle-ipg-VPC-SRV01/rscdpIfPol",
            "id": "uni/infra/funcprof/accbundle-ipg-VPC-SRV01/rscdpIfPol"
          },
          "sensitive_attributes": [],
          "private": "bnVsbA==",
          "dependencies": [
            "module.access-leaf-interface-policy-group.aci_rest_managed.infraAccGrp"
          ]
        }
      ]
    },
    {
      "module": "module.access-leaf-interface-policy-group[\"1\"]",
      "mode": "managed",
      "type": "aci_rest_managed",
      "name": "infraRsHIfPol",
      "provider": "provider[\"registry.terraform.io/ciscodevnet/aci\"]",
      "instances": [
        {
          "schema_version": 0,
          "attributes": {
            "child": [],
            "class_name": "infraRsHIfPol",
            "content": {
              "tnFabricHIfPolName": "10G",
              "userdom": "all"
            },
            "dn": "uni/infra/funcprof/accbundle-ipg-VPC-SRV01/rshIfPol",
            "id": "uni/infra/funcprof/accbundle-ipg-VPC-SRV01/rshIfPol"
          },
          "sensitive_attributes": [],
          "private": "bnVsbA==",
          "dependencies": [
            "module.access-leaf-interface-policy-group.aci_rest_managed.infraAccGrp"
          ]
        }
      ]
    },
    {
      "module": "module.access-leaf-interface-policy-group[\"1\"]",
      "mode": "managed",
      "type": "aci_rest_managed",
      "name": "infraRsL2IfPol",
      "provider": "provider[\"registry.terraform.io/ciscodevnet/aci\"]",
      "instances": [
        {
          "schema_version": 0,
          "attributes": {
            "child": [],
            "class_name": "infraRsL2IfPol",
            "content": {
              "tnL2IfPolName": "PORT-LOCAL",
              "userdom": "all"
            },
            "dn": "uni/infra/funcprof/accbundle-ipg-VPC-SRV01/rsl2IfPol",
            "id": "uni/infra/funcprof/accbundle-ipg-VPC-SRV01/rsl2IfPol"
          },
          "sensitive_attributes": [],
          "private": "bnVsbA==",
          "dependencies": [
            "module.access-leaf-interface-policy-group.aci_rest_managed.infraAccGrp"
          ]
        }
      ]
    },
    {
      "module": "module.access-leaf-interface-policy-group[\"1\"]",
      "mode": "managed",
      "type": "aci_rest_managed",
      "name": "infraRsLacpInterfacePol",
      "provider": "provider[\"registry.terraform.io/ciscodevnet/aci\"]",
      "instances": [
        {
          "index_key": 0,
          "schema_version": 0,
          "attributes": {
            "child": [],
            "class_name": "infraRsLacpInterfacePol",
            "content": {
              "tnLacpIfPolName": "FAST",
              "userdom": "all"
            },
            "dn": "uni/infra/funcprof/accbundle-ipg-VPC-SRV01/accsubbndl-ipg-VPC-SRV01/rslacpInterfacePol",
            "id": "uni/infra/funcprof/accbundle-ipg-VPC-SRV01/accsubbndl-ipg-VPC-SRV01/rslacpInterfacePol"
          },
          "sensitive_attributes": [],
          "private": "bnVsbA==",
          "dependencies": [
            "module.access-leaf-interface-policy-group.aci_rest_managed.infraAccBndlSubgrp",
            "module.access-leaf-interface-policy-group.aci_rest_managed.infraAccGrp"
          ]
        }
      ]
    },
    {
      "module": "module.access-leaf-interface-policy-group[\"1\"]",
      "mode": "managed",
      "type": "aci_rest_managed",
      "name": "infraRsLacpPol",
      "provider": "provider[\"registry.terraform.io/ciscodevnet/aci\"]",
      "instances": [
        {
          "index_key": 0,
          "schema_version": 0,
          "attributes": {
            "child": [],
            "class_name": "infraRsLacpPol",
            "content": {
              "tnLacpLagPolName": "LACP",
              "userdom": "all"
            },
            "dn": "uni/infra/funcprof/accbundle-ipg-VPC-SRV01/rslacpPol",
            "id": "uni/infra/funcprof/accbundle-ipg-VPC-SRV01/rslacpPol"
          },
          "sensitive_attributes": [],
          "private": "bnVsbA==",
          "dependencies": [
            "module.access-leaf-interface-policy-group.aci_rest_managed.infraAccGrp"
          ]
        }
      ]
    },
    {
      "module": "module.access-leaf-interface-policy-group[\"1\"]",
      "mode": "managed",
      "type": "aci_rest_managed",
      "name": "infraRsLldpIfPol",
      "provider": "provider[\"registry.terraform.io/ciscodevnet/aci\"]",
      "instances": [
        {
          "schema_version": 0,
          "attributes": {
            "child": [],
            "class_name": "infraRsLldpIfPol",
            "content": {
              "tnLldpIfPolName": "LLDP-OFF",
              "userdom": "all"
            },
            "dn": "uni/infra/funcprof/accbundle-ipg-VPC-SRV01/rslldpIfPol",
            "id": "uni/infra/funcprof/accbundle-ipg-VPC-SRV01/rslldpIfPol"
          },
          "sensitive_attributes": [],
          "private": "bnVsbA==",
          "dependencies": [
            "module.access-leaf-interface-policy-group.aci_rest_managed.infraAccGrp"
          ]
        }
      ]
    },
    {
      "module": "module.access-leaf-interface-policy-group[\"1\"]",
      "mode": "managed",
      "type": "aci_rest_managed",
      "name": "infraRsMcpIfPol",
      "provider": "provider[\"registry.terraform.io/ciscodevnet/aci\"]",
      "instances": [
        {
          "schema_version": 0,
          "attributes": {
            "child": [],
            "class_name": "infraRsMcpIfPol",
            "content": {
              "tnMcpIfPolName": "MCP-ON",
              "userdom": "all"
            },
            "dn": "uni/infra/funcprof/accbundle-ipg-VPC-SRV01/rsmcpIfPol",
            "id": "uni/infra/funcprof/accbundle-ipg-VPC-SRV01/rsmcpIfPol"
          },
          "sensitive_attributes": [],
          "private": "bnVsbA==",
          "dependencies": [
            "module.access-leaf-interface-policy-group.aci_rest_managed.infraAccGrp"
          ]
        }
      ]
    },
    {
      "module": "module.access-leaf-interface-policy-group[\"1\"]",
      "mode": "managed",
      "type": "aci_rest_managed",
      "name": "infraRsStormctrlIfPol",
      "provider": "provider[\"registry.terraform.io/ciscodevnet/aci\"]",
      "instances": [
        {
          "schema_version": 0,
          "attributes": {
            "child": [],
            "class_name": "infraRsStormctrlIfPol",
            "content": {
              "tnStormctrlIfPolName": "10P",
              "userdom": "all"
            },
            "dn": "uni/infra/funcprof/accbundle-ipg-VPC-SRV01/rsstormctrlIfPol",
            "id": "uni/infra/funcprof/accbundle-ipg-VPC-SRV01/rsstormctrlIfPol"
          },
          "sensitive_attributes": [],
          "private": "bnVsbA==",
          "dependencies": [
            "module.access-leaf-interface-policy-group.aci_rest_managed.infraAccGrp"
          ]
        }
      ]
    },
    {
      "module": "module.access-leaf-interface-policy-group[\"1\"]",
      "mode": "managed",
      "type": "aci_rest_managed",
      "name": "infraRsStpIfPol",
      "provider": "provider[\"registry.terraform.io/ciscodevnet/aci\"]",
      "instances": [
        {
          "schema_version": 0,
          "attributes": {
            "child": [],
            "class_name": "infraRsStpIfPol",
            "content": {
              "tnStpIfPolName": "BPDU-GUARD",
              "userdom": "all"
            },
            "dn": "uni/infra/funcprof/accbundle-ipg-VPC-SRV01/rsstpIfPol",
            "id": "uni/infra/funcprof/accbundle-ipg-VPC-SRV01/rsstpIfPol"
          },
          "sensitive_attributes": [],
          "private": "bnVsbA==",
          "dependencies": [
            "module.access-leaf-interface-policy-group.aci_rest_managed.infraAccGrp"
          ]
        }
      ]
    },
    {
      "module": "module.access-leaf-interface-policy-group[\"2\"]",
      "mode": "managed",
      "type": "aci_rest_managed",
      "name": "infraAccBndlSubgrp",
      "provider": "provider[\"registry.terraform.io/ciscodevnet/aci\"]",
      "instances": [
        {
          "index_key": 0,
          "schema_version": 0,
          "attributes": {
            "child": [],
            "class_name": "infraAccBndlSubgrp",
            "content": {
              "descr": "",
              "name": "ipg-VPC-SRV02",
              "nameAlias": "",
              "ownerKey": "",
              "ownerTag": "",
              "userdom": ":all:"
            },
            "dn": "uni/infra/funcprof/accbundle-ipg-VPC-SRV02/accsubbndl-ipg-VPC-SRV02",
            "id": "uni/infra/funcprof/accbundle-ipg-VPC-SRV02/accsubbndl-ipg-VPC-SRV02"
          },
          "sensitive_attributes": [],
          "private": "bnVsbA==",
          "dependencies": [
            "module.access-leaf-interface-policy-group.aci_rest_managed.infraAccGrp"
          ]
        }
      ]
    },
    {
      "module": "module.access-leaf-interface-policy-group[\"2\"]",
      "mode": "managed",
      "type": "aci_rest_managed",
      "name": "infraAccGrp",
      "provider": "provider[\"registry.terraform.io/ciscodevnet/aci\"]",
      "instances": [
        {
          "schema_version": 0,
          "attributes": {
            "child": [],
            "class_name": "infraAccBndlGrp",
            "content": {
              "descr": "",
              "lagT": "node",
              "name": "ipg-VPC-SRV02",
              "nameAlias": "",
              "ownerKey": "",
              "ownerTag": "",
              "userdom": ":all:"
            },
            "dn": "uni/infra/funcprof/accbundle-ipg-VPC-SRV02",
            "id": "uni/infra/funcprof/accbundle-ipg-VPC-SRV02"
          },
          "sensitive_attributes": [],
          "private": "bnVsbA=="
        }
      ]
    },
    {
      "module": "module.access-leaf-interface-policy-group[\"2\"]",
      "mode": "managed",
      "type": "aci_rest_managed",
      "name": "infraRsAttEntP",
      "provider": "provider[\"registry.terraform.io/ciscodevnet/aci\"]",
      "instances": [
        {
          "index_key": 0,
          "schema_version": 0,
          "attributes": {
            "child": [],
            "class_name": "infraRsAttEntP",
            "content": {
              "tDn": "uni/infra/attentp-AAEP1",
              "userdom": ":all:"
            },
            "dn": "uni/infra/funcprof/accbundle-ipg-VPC-SRV02/rsattEntP",
            "id": "uni/infra/funcprof/accbundle-ipg-VPC-SRV02/rsattEntP"
          },
          "sensitive_attributes": [],
          "private": "bnVsbA==",
          "dependencies": [
            "module.access-leaf-interface-policy-group.aci_rest_managed.infraAccGrp"
          ]
        }
      ]
    },
    {
      "module": "module.access-leaf-interface-policy-group[\"2\"]",
      "mode": "managed",
      "type": "aci_rest_managed",
      "name": "infraRsCdpIfPol",
      "provider": "provider[\"registry.terraform.io/ciscodevnet/aci\"]",
      "instances": [
        {
          "schema_version": 0,
          "attributes": {
            "child": [],
            "class_name": "infraRsCdpIfPol",
            "content": {
              "tnCdpIfPolName": "CDP-ON",
              "userdom": "all"
            },
            "dn": "uni/infra/funcprof/accbundle-ipg-VPC-SRV02/rscdpIfPol",
            "id": "uni/infra/funcprof/accbundle-ipg-VPC-SRV02/rscdpIfPol"
          },
          "sensitive_attributes": [],
          "private": "bnVsbA==",
          "dependencies": [
            "module.access-leaf-interface-policy-group.aci_rest_managed.infraAccGrp"
          ]
        }
      ]
    },
    {
      "module": "module.access-leaf-interface-policy-group[\"2\"]",
      "mode": "managed",
      "type": "aci_rest_managed",
      "name": "infraRsHIfPol",
      "provider": "provider[\"registry.terraform.io/ciscodevnet/aci\"]",
      "instances": [
        {
          "schema_version": 0,
          "attributes": {
            "child": [],
            "class_name": "infraRsHIfPol",
            "content": {
              "tnFabricHIfPolName": "10G",
              "userdom": "all"
            },
            "dn": "uni/infra/funcprof/accbundle-ipg-VPC-SRV02/rshIfPol",
            "id": "uni/infra/funcprof/accbundle-ipg-VPC-SRV02/rshIfPol"
          },
          "sensitive_attributes": [],
          "private": "bnVsbA==",
          "dependencies": [
            "module.access-leaf-interface-policy-group.aci_rest_managed.infraAccGrp"
          ]
        }
      ]
    },
    {
      "module": "module.access-leaf-interface-policy-group[\"2\"]",
      "mode": "managed",
      "type": "aci_rest_managed",
      "name": "infraRsL2IfPol",
      "provider": "provider[\"registry.terraform.io/ciscodevnet/aci\"]",
      "instances": [
        {
          "schema_version": 0,
          "attributes": {
            "child": [],
            "class_name": "infraRsL2IfPol",
            "content": {
              "tnL2IfPolName": "PORT-LOCAL",
              "userdom": "all"
            },
            "dn": "uni/infra/funcprof/accbundle-ipg-VPC-SRV02/rsl2IfPol",
            "id": "uni/infra/funcprof/accbundle-ipg-VPC-SRV02/rsl2IfPol"
          },
          "sensitive_attributes": [],
          "private": "bnVsbA==",
          "dependencies": [
            "module.access-leaf-interface-policy-group.aci_rest_managed.infraAccGrp"
          ]
        }
      ]
    },
    {
      "module": "module.access-leaf-interface-policy-group[\"2\"]",
      "mode": "managed",
      "type": "aci_rest_managed",
      "name": "infraRsLacpInterfacePol",
      "provider": "provider[\"registry.terraform.io/ciscodevnet/aci\"]",
      "instances": [
        {
          "index_key": 0,
          "schema_version": 0,
          "attributes": {
            "child": [],
            "class_name": "infraRsLacpInterfacePol",
            "content": {
              "tnLacpIfPolName": "FAST",
              "userdom": "all"
            },
            "dn": "uni/infra/funcprof/accbundle-ipg-VPC-SRV02/accsubbndl-ipg-VPC-SRV02/rslacpInterfacePol",
            "id": "uni/infra/funcprof/accbundle-ipg-VPC-SRV02/accsubbndl-ipg-VPC-SRV02/rslacpInterfacePol"
          },
          "sensitive_attributes": [],
          "private": "bnVsbA==",
          "dependencies": [
            "module.access-leaf-interface-policy-group.aci_rest_managed.infraAccBndlSubgrp",
            "module.access-leaf-interface-policy-group.aci_rest_managed.infraAccGrp"
          ]
        }
      ]
    },
    {
      "module": "module.access-leaf-interface-policy-group[\"2\"]",
      "mode": "managed",
      "type": "aci_rest_managed",
      "name": "infraRsLacpPol",
      "provider": "provider[\"registry.terraform.io/ciscodevnet/aci\"]",
      "instances": [
        {
          "index_key": 0,
          "schema_version": 0,
          "attributes": {
            "child": [],
            "class_name": "infraRsLacpPol",
            "content": {
              "tnLacpLagPolName": "LACP",
              "userdom": "all"
            },
            "dn": "uni/infra/funcprof/accbundle-ipg-VPC-SRV02/rslacpPol",
            "id": "uni/infra/funcprof/accbundle-ipg-VPC-SRV02/rslacpPol"
          },
          "sensitive_attributes": [],
          "private": "bnVsbA==",
          "dependencies": [
            "module.access-leaf-interface-policy-group.aci_rest_managed.infraAccGrp"
          ]
        }
      ]
    },
    {
      "module": "module.access-leaf-interface-policy-group[\"2\"]",
      "mode": "managed",
      "type": "aci_rest_managed",
      "name": "infraRsLldpIfPol",
      "provider": "provider[\"registry.terraform.io/ciscodevnet/aci\"]",
      "instances": [
        {
          "schema_version": 0,
          "attributes": {
            "child": [],
            "class_name": "infraRsLldpIfPol",
            "content": {
              "tnLldpIfPolName": "LLDP-OFF",
              "userdom": "all"
            },
            "dn": "uni/infra/funcprof/accbundle-ipg-VPC-SRV02/rslldpIfPol",
            "id": "uni/infra/funcprof/accbundle-ipg-VPC-SRV02/rslldpIfPol"
          },
          "sensitive_attributes": [],
          "private": "bnVsbA==",
          "dependencies": [
            "module.access-leaf-interface-policy-group.aci_rest_managed.infraAccGrp"
          ]
        }
      ]
    },
    {
      "module": "module.access-leaf-interface-policy-group[\"2\"]",
      "mode": "managed",
      "type": "aci_rest_managed",
      "name": "infraRsMcpIfPol",
      "provider": "provider[\"registry.terraform.io/ciscodevnet/aci\"]",
      "instances": [
        {
          "schema_version": 0,
          "attributes": {
            "child": [],
            "class_name": "infraRsMcpIfPol",
            "content": {
              "tnMcpIfPolName": "MCP-ON",
              "userdom": "all"
            },
            "dn": "uni/infra/funcprof/accbundle-ipg-VPC-SRV02/rsmcpIfPol",
            "id": "uni/infra/funcprof/accbundle-ipg-VPC-SRV02/rsmcpIfPol"
          },
          "sensitive_attributes": [],
          "private": "bnVsbA==",
          "dependencies": [
            "module.access-leaf-interface-policy-group.aci_rest_managed.infraAccGrp"
          ]
        }
      ]
    },
    {
      "module": "module.access-leaf-interface-policy-group[\"2\"]",
      "mode": "managed",
      "type": "aci_rest_managed",
      "name": "infraRsStormctrlIfPol",
      "provider": "provider[\"registry.terraform.io/ciscodevnet/aci\"]",
      "instances": [
        {
          "schema_version": 0,
          "attributes": {
            "child": [],
            "class_name": "infraRsStormctrlIfPol",
            "content": {
              "tnStormctrlIfPolName": "10P",
              "userdom": "all"
            },
            "dn": "uni/infra/funcprof/accbundle-ipg-VPC-SRV02/rsstormctrlIfPol",
            "id": "uni/infra/funcprof/accbundle-ipg-VPC-SRV02/rsstormctrlIfPol"
          },
          "sensitive_attributes": [],
          "private": "bnVsbA==",
          "dependencies": [
            "module.access-leaf-interface-policy-group.aci_rest_managed.infraAccGrp"
          ]
        }
      ]
    },
    {
      "module": "module.access-leaf-interface-policy-group[\"2\"]",
      "mode": "managed",
      "type": "aci_rest_managed",
      "name": "infraRsStpIfPol",
      "provider": "provider[\"registry.terraform.io/ciscodevnet/aci\"]",
      "instances": [
        {
          "schema_version": 0,
          "attributes": {
            "child": [],
            "class_name": "infraRsStpIfPol",
            "content": {
              "tnStpIfPolName": "BPDU-GUARD",
              "userdom": "all"
            },
            "dn": "uni/infra/funcprof/accbundle-ipg-VPC-SRV02/rsstpIfPol",
            "id": "uni/infra/funcprof/accbundle-ipg-VPC-SRV02/rsstpIfPol"
          },
          "sensitive_attributes": [],
          "private": "bnVsbA==",
          "dependencies": [
            "module.access-leaf-interface-policy-group.aci_rest_managed.infraAccGrp"
          ]
        }
      ]
    },
    {
      "module": "module.access-leaf-interface-policy-group[\"3\"]",
      "mode": "managed",
      "type": "aci_rest_managed",
      "name": "infraAccBndlSubgrp",
      "provider": "provider[\"registry.terraform.io/ciscodevnet/aci\"]",
      "instances": [
        {
          "index_key": 0,
          "schema_version": 0,
          "attributes": {
            "child": [],
            "class_name": "infraAccBndlSubgrp",
            "content": {
              "descr": "",
              "name": "ipg-VPC-SRV03",
              "nameAlias": "",
              "ownerKey": "",
              "ownerTag": "",
              "userdom": ":all:"
            },
            "dn": "uni/infra/funcprof/accbundle-ipg-VPC-SRV03/accsubbndl-ipg-VPC-SRV03",
            "id": "uni/infra/funcprof/accbundle-ipg-VPC-SRV03/accsubbndl-ipg-VPC-SRV03"
          },
          "sensitive_attributes": [],
          "private": "bnVsbA==",
          "dependencies": [
            "module.access-leaf-interface-policy-group.aci_rest_managed.infraAccGrp"
          ]
        }
      ]
    },
    {
      "module": "module.access-leaf-interface-policy-group[\"3\"]",
      "mode": "managed",
      "type": "aci_rest_managed",
      "name": "infraAccGrp",
      "provider": "provider[\"registry.terraform.io/ciscodevnet/aci\"]",
      "instances": [
        {
          "schema_version": 0,
          "attributes": {
            "child": [],
            "class_name": "infraAccBndlGrp",
            "content": {
              "descr": "",
              "lagT": "node",
              "name": "ipg-VPC-SRV03",
              "nameAlias": "",
              "ownerKey": "",
              "ownerTag": "",
              "userdom": ":all:"
            },
            "dn": "uni/infra/funcprof/accbundle-ipg-VPC-SRV03",
            "id": "uni/infra/funcprof/accbundle-ipg-VPC-SRV03"
          },
          "sensitive_attributes": [],
          "private": "bnVsbA=="
        }
      ]
    },
    {
      "module": "module.access-leaf-interface-policy-group[\"3\"]",
      "mode": "managed",
      "type": "aci_rest_managed",
      "name": "infraRsAttEntP",
      "provider": "provider[\"registry.terraform.io/ciscodevnet/aci\"]",
      "instances": [
        {
          "index_key": 0,
          "schema_version": 0,
          "attributes": {
            "child": [],
            "class_name": "infraRsAttEntP",
            "content": {
              "tDn": "uni/infra/attentp-AAEP1",
              "userdom": ":all:"
            },
            "dn": "uni/infra/funcprof/accbundle-ipg-VPC-SRV03/rsattEntP",
            "id": "uni/infra/funcprof/accbundle-ipg-VPC-SRV03/rsattEntP"
          },
          "sensitive_attributes": [],
          "private": "bnVsbA==",
          "dependencies": [
            "module.access-leaf-interface-policy-group.aci_rest_managed.infraAccGrp"
          ]
        }
      ]
    },
    {
      "module": "module.access-leaf-interface-policy-group[\"3\"]",
      "mode": "managed",
      "type": "aci_rest_managed",
      "name": "infraRsCdpIfPol",
      "provider": "provider[\"registry.terraform.io/ciscodevnet/aci\"]",
      "instances": [
        {
          "schema_version": 0,
          "attributes": {
            "child": [],
            "class_name": "infraRsCdpIfPol",
            "content": {
              "tnCdpIfPolName": "CDP-ON",
              "userdom": "all"
            },
            "dn": "uni/infra/funcprof/accbundle-ipg-VPC-SRV03/rscdpIfPol",
            "id": "uni/infra/funcprof/accbundle-ipg-VPC-SRV03/rscdpIfPol"
          },
          "sensitive_attributes": [],
          "private": "bnVsbA==",
          "dependencies": [
            "module.access-leaf-interface-policy-group.aci_rest_managed.infraAccGrp"
          ]
        }
      ]
    },
    {
      "module": "module.access-leaf-interface-policy-group[\"3\"]",
      "mode": "managed",
      "type": "aci_rest_managed",
      "name": "infraRsHIfPol",
      "provider": "provider[\"registry.terraform.io/ciscodevnet/aci\"]",
      "instances": [
        {
          "schema_version": 0,
          "attributes": {
            "child": [],
            "class_name": "infraRsHIfPol",
            "content": {
              "tnFabricHIfPolName": "10G",
              "userdom": "all"
            },
            "dn": "uni/infra/funcprof/accbundle-ipg-VPC-SRV03/rshIfPol",
            "id": "uni/infra/funcprof/accbundle-ipg-VPC-SRV03/rshIfPol"
          },
          "sensitive_attributes": [],
          "private": "bnVsbA==",
          "dependencies": [
            "module.access-leaf-interface-policy-group.aci_rest_managed.infraAccGrp"
          ]
        }
      ]
    },
    {
      "module": "module.access-leaf-interface-policy-group[\"3\"]",
      "mode": "managed",
      "type": "aci_rest_managed",
      "name": "infraRsL2IfPol",
      "provider": "provider[\"registry.terraform.io/ciscodevnet/aci\"]",
      "instances": [
        {
          "schema_version": 0,
          "attributes": {
            "child": [],
            "class_name": "infraRsL2IfPol",
            "content": {
              "tnL2IfPolName": "PORT-LOCAL",
              "userdom": "all"
            },
            "dn": "uni/infra/funcprof/accbundle-ipg-VPC-SRV03/rsl2IfPol",
            "id": "uni/infra/funcprof/accbundle-ipg-VPC-SRV03/rsl2IfPol"
          },
          "sensitive_attributes": [],
          "private": "bnVsbA==",
          "dependencies": [
            "module.access-leaf-interface-policy-group.aci_rest_managed.infraAccGrp"
          ]
        }
      ]
    },
    {
      "module": "module.access-leaf-interface-policy-group[\"3\"]",
      "mode": "managed",
      "type": "aci_rest_managed",
      "name": "infraRsLacpInterfacePol",
      "provider": "provider[\"registry.terraform.io/ciscodevnet/aci\"]",
      "instances": [
        {
          "index_key": 0,
          "schema_version": 0,
          "attributes": {
            "child": [],
            "class_name": "infraRsLacpInterfacePol",
            "content": {
              "tnLacpIfPolName": "FAST",
              "userdom": "all"
            },
            "dn": "uni/infra/funcprof/accbundle-ipg-VPC-SRV03/accsubbndl-ipg-VPC-SRV03/rslacpInterfacePol",
            "id": "uni/infra/funcprof/accbundle-ipg-VPC-SRV03/accsubbndl-ipg-VPC-SRV03/rslacpInterfacePol"
          },
          "sensitive_attributes": [],
          "private": "bnVsbA==",
          "dependencies": [
            "module.access-leaf-interface-policy-group.aci_rest_managed.infraAccBndlSubgrp",
            "module.access-leaf-interface-policy-group.aci_rest_managed.infraAccGrp"
          ]
        }
      ]
    },
    {
      "module": "module.access-leaf-interface-policy-group[\"3\"]",
      "mode": "managed",
      "type": "aci_rest_managed",
      "name": "infraRsLacpPol",
      "provider": "provider[\"registry.terraform.io/ciscodevnet/aci\"]",
      "instances": [
        {
          "index_key": 0,
          "schema_version": 0,
          "attributes": {
            "child": [],
            "class_name": "infraRsLacpPol",
            "content": {
              "tnLacpLagPolName": "LACP",
              "userdom": "all"
            },
            "dn": "uni/infra/funcprof/accbundle-ipg-VPC-SRV03/rslacpPol",
            "id": "uni/infra/funcprof/accbundle-ipg-VPC-SRV03/rslacpPol"
          },
          "sensitive_attributes": [],
          "private": "bnVsbA==",
          "dependencies": [
            "module.access-leaf-interface-policy-group.aci_rest_managed.infraAccGrp"
          ]
        }
      ]
    },
    {
      "module": "module.access-leaf-interface-policy-group[\"3\"]",
      "mode": "managed",
      "type": "aci_rest_managed",
      "name": "infraRsLldpIfPol",
      "provider": "provider[\"registry.terraform.io/ciscodevnet/aci\"]",
      "instances": [
        {
          "schema_version": 0,
          "attributes": {
            "child": [],
            "class_name": "infraRsLldpIfPol",
            "content": {
              "tnLldpIfPolName": "LLDP-OFF",
              "userdom": "all"
            },
            "dn": "uni/infra/funcprof/accbundle-ipg-VPC-SRV03/rslldpIfPol",
            "id": "uni/infra/funcprof/accbundle-ipg-VPC-SRV03/rslldpIfPol"
          },
          "sensitive_attributes": [],
          "private": "bnVsbA==",
          "dependencies": [
            "module.access-leaf-interface-policy-group.aci_rest_managed.infraAccGrp"
          ]
        }
      ]
    },
    {
      "module": "module.access-leaf-interface-policy-group[\"3\"]",
      "mode": "managed",
      "type": "aci_rest_managed",
      "name": "infraRsMcpIfPol",
      "provider": "provider[\"registry.terraform.io/ciscodevnet/aci\"]",
      "instances": [
        {
          "schema_version": 0,
          "attributes": {
            "child": [],
            "class_name": "infraRsMcpIfPol",
            "content": {
              "tnMcpIfPolName": "MCP-ON",
              "userdom": "all"
            },
            "dn": "uni/infra/funcprof/accbundle-ipg-VPC-SRV03/rsmcpIfPol",
            "id": "uni/infra/funcprof/accbundle-ipg-VPC-SRV03/rsmcpIfPol"
          },
          "sensitive_attributes": [],
          "private": "bnVsbA==",
          "dependencies": [
            "module.access-leaf-interface-policy-group.aci_rest_managed.infraAccGrp"
          ]
        }
      ]
    },
    {
      "module": "module.access-leaf-interface-policy-group[\"3\"]",
      "mode": "managed",
      "type": "aci_rest_managed",
      "name": "infraRsStormctrlIfPol",
      "provider": "provider[\"registry.terraform.io/ciscodevnet/aci\"]",
      "instances": [
        {
          "schema_version": 0,
          "attributes": {
            "child": [],
            "class_name": "infraRsStormctrlIfPol",
            "content": {
              "tnStormctrlIfPolName": "10P",
              "userdom": "all"
            },
            "dn": "uni/infra/funcprof/accbundle-ipg-VPC-SRV03/rsstormctrlIfPol",
            "id": "uni/infra/funcprof/accbundle-ipg-VPC-SRV03/rsstormctrlIfPol"
          },
          "sensitive_attributes": [],
          "private": "bnVsbA==",
          "dependencies": [
            "module.access-leaf-interface-policy-group.aci_rest_managed.infraAccGrp"
          ]
        }
      ]
    },
    {
      "module": "module.access-leaf-interface-policy-group[\"3\"]",
      "mode": "managed",
      "type": "aci_rest_managed",
      "name": "infraRsStpIfPol",
      "provider": "provider[\"registry.terraform.io/ciscodevnet/aci\"]",
      "instances": [
        {
          "schema_version": 0,
          "attributes": {
            "child": [],
            "class_name": "infraRsStpIfPol",
            "content": {
              "tnStpIfPolName": "BPDU-GUARD",
              "userdom": "all"
            },
            "dn": "uni/infra/funcprof/accbundle-ipg-VPC-SRV03/rsstpIfPol",
            "id": "uni/infra/funcprof/accbundle-ipg-VPC-SRV03/rsstpIfPol"
          },
          "sensitive_attributes": [],
          "private": "bnVsbA==",
          "dependencies": [
            "module.access-leaf-interface-policy-group.aci_rest_managed.infraAccGrp"
          ]
        }
      ]
    },
    {
      "module": "module.fabric[\"1\"]",
      "mode": "managed",
      "type": "aci_physical_domain",
      "name": "ph_domain",
      "provider": "provider[\"registry.terraform.io/ciscodevnet/aci\"]",
      "instances": [
        {
          "schema_version": 1,
          "attributes": {
            "annotation": "orchestrator:terraform",
            "id": "uni/phys-phd-core",
            "name": "phd-core",
            "name_alias": "",
            "relation_infra_rs_dom_vxlan_ns_def": "",
            "relation_infra_rs_vip_addr_ns": "",
            "relation_infra_rs_vlan_ns": "",
            "relation_infra_rs_vlan_ns_def": ""
          },
          "sensitive_attributes": [],
          "private": "eyJzY2hlbWFfdmVyc2lvbiI6IjEifQ=="
        }
      ]
    },
    {
      "module": "module.fabric[\"1\"]",
      "mode": "managed",
      "type": "aci_ranges",
      "name": "vl_pool_range",
      "provider": "provider[\"registry.terraform.io/ciscodevnet/aci\"]",
      "instances": [
        {
          "schema_version": 1,
          "attributes": {
            "alloc_mode": "inherit",
            "annotation": "orchestrator:terraform",
            "description": "Created from Terraform",
            "from": "vlan-1",
            "id": "uni/infra/vlanns-[vlp-core]-static/from-[vlan-1]-to-[vlan-100]",
            "name_alias": "vlp-core-Pool",
            "role": "external",
            "to": "vlan-100",
            "vlan_pool_dn": "uni/infra/vlanns-[vlp-core]-static"
          },
          "sensitive_attributes": [],
          "private": "eyJzY2hlbWFfdmVyc2lvbiI6IjEifQ==",
          "dependencies": [
            "module.fabric.aci_vlan_pool.vlp_pool"
          ]
        }
      ]
    },
    {
      "module": "module.fabric[\"1\"]",
      "mode": "managed",
      "type": "aci_vlan_pool",
      "name": "vlp_pool",
      "provider": "provider[\"registry.terraform.io/ciscodevnet/aci\"]",
      "instances": [
        {
          "schema_version": 1,
          "attributes": {
            "alloc_mode": "static",
            "annotation": "orchestrator:terraform",
            "description": "DMZ FW VLAN POOL",
            "id": "uni/infra/vlanns-[vlp-core]-static",
            "name": "vlp-core",
            "name_alias": ""
          },
          "sensitive_attributes": [],
          "private": "eyJzY2hlbWFfdmVyc2lvbiI6IjEifQ=="
        }
      ]
    },
    {
      "module": "module.fabric[\"2\"]",
      "mode": "managed",
      "type": "aci_attachable_access_entity_profile",
      "name": "aaep",
      "provider": "provider[\"registry.terraform.io/ciscodevnet/aci\"]",
      "instances": [
        {
          "schema_version": 1,
          "attributes": {
            "annotation": "orchestrator:terraform",
            "description": "",
            "id": "uni/infra/attentp-aep-dmz",
            "name": "aep-dmz",
            "name_alias": "",
            "relation_infra_rs_dom_p": [
              "uni/phys-phd-dmz"
            ]
          },
          "sensitive_attributes": [],
          "private": "eyJzY2hlbWFfdmVyc2lvbiI6IjEifQ==",
          "dependencies": [
            "module.fabric.aci_physical_domain.ph_domain"
          ]
        }
      ]
    },
    {
      "module": "module.fabric[\"2\"]",
      "mode": "managed",
      "type": "aci_physical_domain",
      "name": "ph_domain",
      "provider": "provider[\"registry.terraform.io/ciscodevnet/aci\"]",
      "instances": [
        {
          "schema_version": 1,
          "attributes": {
            "annotation": "orchestrator:terraform",
            "id": "uni/phys-phd-dmz",
            "name": "phd-dmz",
            "name_alias": "",
            "relation_infra_rs_dom_vxlan_ns_def": "",
            "relation_infra_rs_vip_addr_ns": "",
            "relation_infra_rs_vlan_ns": "",
            "relation_infra_rs_vlan_ns_def": ""
          },
          "sensitive_attributes": [],
          "private": "eyJzY2hlbWFfdmVyc2lvbiI6IjEifQ=="
        }
      ]
    },
    {
      "module": "module.fabric[\"2\"]",
      "mode": "managed",
      "type": "aci_ranges",
      "name": "vl_pool_range",
      "provider": "provider[\"registry.terraform.io/ciscodevnet/aci\"]",
      "instances": [
        {
          "schema_version": 1,
          "attributes": {
            "alloc_mode": "inherit",
            "annotation": "orchestrator:terraform",
            "description": "Created from Terraform",
            "from": "vlan-101",
            "id": "uni/infra/vlanns-[vlp-dmz]-static/from-[vlan-101]-to-[vlan-200]",
            "name_alias": "vlp-dmz-Pool",
            "role": "external",
            "to": "vlan-200",
            "vlan_pool_dn": "uni/infra/vlanns-[vlp-dmz]-static"
          },
          "sensitive_attributes": [],
          "private": "eyJzY2hlbWFfdmVyc2lvbiI6IjEifQ==",
          "dependencies": [
            "module.fabric.aci_vlan_pool.vlp_pool"
          ]
        }
      ]
    },
    {
      "module": "module.fabric[\"2\"]",
      "mode": "managed",
      "type": "aci_vlan_pool",
      "name": "vlp_pool",
      "provider": "provider[\"registry.terraform.io/ciscodevnet/aci\"]",
      "instances": [
        {
          "schema_version": 1,
          "attributes": {
            "alloc_mode": "static",
            "annotation": "orchestrator:terraform",
            "description": "DMZ FW VLAN POOL",
            "id": "uni/infra/vlanns-[vlp-dmz]-static",
            "name": "vlp-dmz",
            "name_alias": ""
          },
          "sensitive_attributes": [],
          "private": "eyJzY2hlbWFfdmVyc2lvbiI6IjEifQ=="
        }
      ]
    },
    {
      "module": "module.fabric[\"3\"]",
      "mode": "managed",
      "type": "aci_physical_domain",
      "name": "ph_domain",
      "provider": "provider[\"registry.terraform.io/ciscodevnet/aci\"]",
      "instances": [
        {
          "schema_version": 1,
          "attributes": {
            "annotation": "orchestrator:terraform",
            "id": "uni/phys-phd-pci",
            "name": "phd-pci",
            "name_alias": "",
            "relation_infra_rs_dom_vxlan_ns_def": "",
            "relation_infra_rs_vip_addr_ns": "",
            "relation_infra_rs_vlan_ns": "",
            "relation_infra_rs_vlan_ns_def": ""
          },
          "sensitive_attributes": [],
          "private": "eyJzY2hlbWFfdmVyc2lvbiI6IjEifQ=="
        }
      ]
    },
    {
      "module": "module.fabric[\"3\"]",
      "mode": "managed",
      "type": "aci_ranges",
      "name": "vl_pool_range",
      "provider": "provider[\"registry.terraform.io/ciscodevnet/aci\"]",
      "instances": [
        {
          "schema_version": 1,
          "attributes": {
            "alloc_mode": "inherit",
            "annotation": "orchestrator:terraform",
            "description": "Created from Terraform",
            "from": "vlan-201",
            "id": "uni/infra/vlanns-[vlp-pci]-static/from-[vlan-201]-to-[vlan-300]",
            "name_alias": "vlp-pci-Pool",
            "role": "external",
            "to": "vlan-300",
            "vlan_pool_dn": "uni/infra/vlanns-[vlp-pci]-static"
          },
          "sensitive_attributes": [],
          "private": "eyJzY2hlbWFfdmVyc2lvbiI6IjEifQ==",
          "dependencies": [
            "module.fabric.aci_vlan_pool.vlp_pool"
          ]
        }
      ]
    },
    {
      "module": "module.fabric[\"3\"]",
      "mode": "managed",
      "type": "aci_vlan_pool",
      "name": "vlp_pool",
      "provider": "provider[\"registry.terraform.io/ciscodevnet/aci\"]",
      "instances": [
        {
          "schema_version": 1,
          "attributes": {
            "alloc_mode": "static",
            "annotation": "orchestrator:terraform",
            "description": "DMZ FW VLAN POOL",
            "id": "uni/infra/vlanns-[vlp-pci]-static",
            "name": "vlp-pci",
            "name_alias": ""
          },
          "sensitive_attributes": [],
          "private": "eyJzY2hlbWFfdmVyc2lvbiI6IjEifQ=="
        }
      ]
    },
    {
      "module": "module.l3out",
      "mode": "managed",
      "type": "aci_external_network_instance_profile",
      "name": "eepgLocalName",
      "provider": "provider[\"registry.terraform.io/ciscodevnet/aci\"]",
      "instances": [
        {
          "schema_version": 1,
          "attributes": {
            "annotation": "orchestrator:terraform",
            "description": "",
            "exception_tag": "",
            "flood_on_encap": "disabled",
            "id": "uni/tn-TEN_01/out-l3out-core/instP-ext_epgl3out",
            "l3_outside_dn": "uni/tn-TEN_01/out-l3out-core",
            "match_t": "AtleastOne",
            "name": "ext_epgl3out",
            "name_alias": "",
            "pref_gr_memb": "include",
            "prio": "unspecified",
            "relation_fv_rs_cons": null,
            "relation_fv_rs_cons_if": null,
            "relation_fv_rs_cust_qos_pol": "",
            "relation_fv_rs_intra_epg": null,
            "relation_fv_rs_prot_by": null,
            "relation_fv_rs_prov": null,
            "relation_fv_rs_sec_inherited": null,
            "relation_l3ext_rs_inst_p_to_nat_mapping_epg": "",
            "relation_l3ext_rs_inst_p_to_profile": [],
            "relation_l3ext_rs_l3_inst_p_to_dom_p": "",
            "target_dscp": "unspecified"
          },
          "sensitive_attributes": [],
          "private": "eyJzY2hlbWFfdmVyc2lvbiI6IjEifQ==",
          "dependencies": [
            "aci_tenant.tenant",
            "aci_vrf.new_vrf",
            "module.l3out.aci_l3_outside.l3outLocalName"
          ]
        }
      ]
    },
    {
      "module": "module.l3out",
      "mode": "managed",
      "type": "aci_l3_ext_subnet",
      "name": "eepgSubLocalName",
      "provider": "provider[\"registry.terraform.io/ciscodevnet/aci\"]",
      "instances": [
        {
          "schema_version": 1,
          "attributes": {
            "aggregate": "none",
            "annotation": "orchestrator:terraform",
            "description": "",
            "external_network_instance_profile_dn": "uni/tn-TEN_01/out-l3out-core/instP-ext_epgl3out",
            "id": "uni/tn-TEN_01/out-l3out-core/instP-ext_epgl3out/extsubnet-[10.10.10.0/24]",
            "ip": "10.10.10.0/24",
            "name_alias": "",
            "relation_l3ext_rs_subnet_to_profile": [],
            "relation_l3ext_rs_subnet_to_rt_summ": "",
            "scope": [
              "import-security"
            ]
          },
          "sensitive_attributes": [],
          "private": "eyJzY2hlbWFfdmVyc2lvbiI6IjEifQ==",
          "dependencies": [
            "aci_tenant.tenant",
            "aci_vrf.new_vrf",
            "module.l3out.aci_external_network_instance_profile.eepgLocalName",
            "module.l3out.aci_l3_outside.l3outLocalName"
          ]
        }
      ]
    },
    {
      "module": "module.l3out",
      "mode": "managed",
      "type": "aci_l3_outside",
      "name": "l3outLocalName",
      "provider": "provider[\"registry.terraform.io/ciscodevnet/aci\"]",
      "instances": [
        {
          "schema_version": 1,
          "attributes": {
            "annotation": "orchestrator:terraform",
            "description": "",
            "enforce_rtctrl": [
              "export"
            ],
            "id": "uni/tn-TEN_01/out-l3out-core",
            "name": "l3out-core",
            "name_alias": "",
            "relation_l3ext_rs_dampening_pol": [],
            "relation_l3ext_rs_ectx": "uni/tn-TEN_01/ctx-vrf-01",
            "relation_l3ext_rs_interleak_pol": "",
            "relation_l3ext_rs_l3_dom_att": "",
            "relation_l3ext_rs_out_to_bd_public_subnet_holder": null,
            "target_dscp": "unspecified",
            "tenant_dn": "uni/tn-TEN_01"
          },
          "sensitive_attributes": [],
          "private": "eyJzY2hlbWFfdmVyc2lvbiI6IjEifQ==",
          "dependencies": [
            "aci_tenant.tenant",
            "aci_vrf.new_vrf"
          ]
        }
      ]
    },
    {
      "module": "module.l3out",
      "mode": "managed",
      "type": "aci_logical_interface_profile",
      "name": "intProfileLocalName",
      "provider": "provider[\"registry.terraform.io/ciscodevnet/aci\"]",
      "instances": [
        {
          "schema_version": 1,
          "attributes": {
            "annotation": "orchestrator:terraform",
            "description": "",
            "id": "uni/tn-TEN_01/out-l3out-core/lnodep-NodeProfile_101_102/lifp-IntProfile",
            "logical_node_profile_dn": "uni/tn-TEN_01/out-l3out-core/lnodep-NodeProfile_101_102",
            "name": "IntProfile",
            "name_alias": "",
            "prio": "unspecified",
            "relation_l3ext_rs_arp_if_pol": "",
            "relation_l3ext_rs_egress_qos_dpp_pol": "",
            "relation_l3ext_rs_ingress_qos_dpp_pol": "",
            "relation_l3ext_rs_l_if_p_cust_qos_pol": "",
            "relation_l3ext_rs_l_if_p_to_netflow_monitor_pol": [],
            "relation_l3ext_rs_nd_if_pol": "",
            "tag": "yellow-green"
          },
          "sensitive_attributes": [],
          "private": "eyJzY2hlbWFfdmVyc2lvbiI6IjEifQ==",
          "dependencies": [
            "aci_tenant.tenant",
            "aci_vrf.new_vrf",
            "module.l3out.aci_l3_outside.l3outLocalName",
            "module.l3out.aci_logical_node_profile.nodeProfileLocalName"
          ]
        }
      ]
    },
    {
      "module": "module.l3out",
      "mode": "managed",
      "type": "aci_logical_node_profile",
      "name": "nodeProfileLocalName",
      "provider": "provider[\"registry.terraform.io/ciscodevnet/aci\"]",
      "instances": [
        {
          "schema_version": 1,
          "attributes": {
            "annotation": "orchestrator:terraform",
            "config_issues": "none",
            "description": "",
            "id": "uni/tn-TEN_01/out-l3out-core/lnodep-NodeProfile_101_102",
            "l3_outside_dn": "uni/tn-TEN_01/out-l3out-core",
            "name": "NodeProfile_101_102",
            "name_alias": "",
            "tag": "yellow-green",
            "target_dscp": "unspecified"
          },
          "sensitive_attributes": [],
          "private": "eyJzY2hlbWFfdmVyc2lvbiI6IjEifQ==",
          "dependencies": [
            "aci_tenant.tenant",
            "aci_vrf.new_vrf",
            "module.l3out.aci_l3_outside.l3outLocalName"
          ]
        }
      ]
    },
    {
      "module": "module.l3out",
      "mode": "managed",
      "type": "aci_logical_node_to_fabric_node",
      "name": "nodeLocalName",
      "provider": "provider[\"registry.terraform.io/ciscodevnet/aci\"]",
      "instances": [
        {
          "schema_version": 1,
          "attributes": {
            "annotation": "orchestrator:terraform",
            "config_issues": "none",
            "description": null,
            "id": "uni/tn-TEN_01/out-l3out-core/lnodep-NodeProfile_101_102/rsnodeL3OutAtt-[topology/pod-1/node-101]",
            "logical_node_profile_dn": "uni/tn-TEN_01/out-l3out-core/lnodep-NodeProfile_101_102",
            "rtr_id": "1.1.1.1",
            "rtr_id_loop_back": "no",
            "tdn": "topology/pod-1/node-101"
          },
          "sensitive_attributes": [],
          "private": "eyJzY2hlbWFfdmVyc2lvbiI6IjEifQ==",
          "dependencies": [
            "aci_tenant.tenant",
            "aci_vrf.new_vrf",
            "module.l3out.aci_l3_outside.l3outLocalName",
            "module.l3out.aci_logical_node_profile.nodeProfileLocalName"
          ]
        }
      ]
    }
  ]
}
